{
  "name": "@stayboba/autoblog",
  "version": "1.3.0",
  "lockfileVersion": 3,
  "requires": true,
  "packages": {
    "": {
      "name": "@stayboba/autoblog",
      "version": "1.3.0",
      "license": "MIT",
      "dependencies": {
        "@google/generative-ai": "^0.21.0",
        "@stayboba/autoblog": "github:arul-buk/autoblog"
      },
      "bin": {
        "autoblog": "bin/autoblog.mjs"
      },
      "engines": {
        "node": ">=20.0.0"
      }
    },
    "node_modules/@google/generative-ai": {
      "version": "0.21.0",
      "resolved": "https://registry.npmjs.org/@google/generative-ai/-/generative-ai-0.21.0.tgz",
      "integrity": "sha512-7XhUbtnlkSEZK15kN3t+tzIMxsbKm/dSkKBFalj+20NvPKe1kBY7mR2P7vuijEn+f06z5+A8bVGKO0v39cr6Wg==",
      "license": "Apache-2.0",
      "engines": {
        "node": ">=18.0.0"
      }
    },
    "node_modules/@stayboba/autoblog": {
      "version": "1.2.1",
      "resolved": "git+ssh://git@github.com/arul-buk/autoblog.git#bc1f843807577c2c8d3e8a99d90c1b0b36c6260f",
      "license": "MIT",
      "dependencies": {
        "@google/generative-ai": "^0.21.0"
      },
      "bin": {
        "autoblog": "bin/autoblog.mjs"
      },
      "engines": {
        "node": ">=20.0.0"
      }
    }
  }
}
